# This file was autogenerated by Stack.
# You should not edit this file by hand.
# For more information, please see the documentation at:
#   https://docs.haskellstack.org/en/stable/lock_files

packages:
- completed:
    hackage: base64-0.4.1@sha256:aedc26f581f81a112af588eec8cf9c2e8db219a60fafc1cb77fd73672f1f7dcb,2832
    pantry-tree:
      size: 1184
      sha256: 51a4bbf7742a9ce771b56c2ec5c22e2d6aac4394a712949c111b86c4b3040c80
  original:
    hackage: base64-0.4.1
snapshots:
- completed:
    size: 524163
    url: https://raw.githubusercontent.com/commercialhaskell/stackage-snapshots/master/lts/14/25.yaml
    sha256: 97548b4e927a8a862d4a203687ca18a3f5d2ae75b4b72c946fb29c17df1a5082
  original: lts-14.25
